
Microsoft Visual Studio Solution File, Format Version 12.00
# Visual Studio 15
VisualStudioVersion = 15.0.26730.16
MinimumVisualStudioVersion = 10.0.40219.1
Project("{FAE04EC0-301F-11D3-BF4B-00C04F79EFBC}") = "6.StringsAndObjects", "6.StringsAndObjects\6.StringsAndObjects.csproj", "{9D7E1A57-0E80-4777-8FF9-B5A67CCE52A8}"
EndProject
Project("{FAE04EC0-301F-11D3-BF4B-00C04F79EFBC}") = "7.ExchangeVariableValues", "7.ExchangeVariableValues\7.ExchangeVariableValues.csproj", "{746C2341-C764-43DB-9D33-9BEB43EAEC7B}"
EndProject
Project("{FAE04EC0-301F-11D3-BF4B-00C04F79EFBC}") = "8.EmployeeData", "8.EmployeeData\8.EmployeeData.csproj", "{A70CB1F9-732C-44E9-B69F-785180D7061C}"
EndProject
Project("{FAE04EC0-301F-11D3-BF4B-00C04F79EFBC}") = "9.ReverseCharacters", "9.ReverseCharacters\9.ReverseCharacters.csproj", "{6A359DA4-A4F2-4A87-8700-8C01D751D8F8}"
EndProject
Project("{FAE04EC0-301F-11D3-BF4B-00C04F79EFBC}") = "10.CenturiesToNanoseconds", "10.CenturiesToNanoseconds\10.CenturiesToNanoseconds.csproj", "{22760B39-159E-4AEB-BB4B-B065C1B982D6}"
EndProject
Project("{FAE04EC0-301F-11D3-BF4B-00C04F79EFBC}") = "11.ConvertSpeedUnits", "11.ConvertSpeedUnits\11.ConvertSpeedUnits.csproj", "{EF36AE8B-D77F-4B66-85D4-CF487AB4B5D2}"
EndProject
Project("{FAE04EC0-301F-11D3-BF4B-00C04F79EFBC}") = "12.RectangleProperties", "12.RectangleProperties\12.RectangleProperties.csproj", "{C1B51A4A-14D4-46B8-85E4-197C1C35C059}"
EndProject
Project("{FAE04EC0-301F-11D3-BF4B-00C04F79EFBC}") = "13.VowelOrDigit", "13.VowelOrDigit\13.VowelOrDigit.csproj", "{73DD9995-042E-4253-ACBF-505392037083}"
EndProject
Project("{FAE04EC0-301F-11D3-BF4B-00C04F79EFBC}") = "14.IntegerToHexAndBinary", "14.IntegerToHexAndBinary\14.IntegerToHexAndBinary.csproj", "{D91FD884-9CF2-4656-A8EA-ADF4898159D0}"
EndProject
Project("{FAE04EC0-301F-11D3-BF4B-00C04F79EFBC}") = "15.FastPrimeChecker_Refactor", "15.FastPrimeChecker_Refactor\15.FastPrimeChecker_Refactor.csproj", "{B5EF8BBC-7B64-4F60-9BE2-EDAA4A5A3A94}"
EndProject
Project("{FAE04EC0-301F-11D3-BF4B-00C04F79EFBC}") = "17.PrintPartOfTheASCIITable", "17.PrintPartOfTheASCIITable\17.PrintPartOfTheASCIITable.csproj", "{C4300E16-432E-4F07-8B37-234EACFDB9E5}"
EndProject
Project("{FAE04EC0-301F-11D3-BF4B-00C04F79EFBC}") = "16.ComparingFloats", "16.ComparingFloats\16.ComparingFloats.csproj", "{A245C010-DA28-4508-94D8-DBEBD2059B07}"
EndProject
Project("{FAE04EC0-301F-11D3-BF4B-00C04F79EFBC}") = "18.DifferentIntegersSize", "18.DifferentIntegersSize\18.DifferentIntegersSize.csproj", "{81F8E900-C098-40D2-A2C5-D0B14464CF96}"
EndProject
Global
	GlobalSection(SolutionConfigurationPlatforms) = preSolution
		Debug|Any CPU = Debug|Any CPU
		Release|Any CPU = Release|Any CPU
	EndGlobalSection
	GlobalSection(ProjectConfigurationPlatforms) = postSolution
		{9D7E1A57-0E80-4777-8FF9-B5A67CCE52A8}.Debug|Any CPU.ActiveCfg = Debug|Any CPU
		{9D7E1A57-0E80-4777-8FF9-B5A67CCE52A8}.Debug|Any CPU.Build.0 = Debug|Any CPU
		{9D7E1A57-0E80-4777-8FF9-B5A67CCE52A8}.Release|Any CPU.ActiveCfg = Release|Any CPU
		{9D7E1A57-0E80-4777-8FF9-B5A67CCE52A8}.Release|Any CPU.Build.0 = Release|Any CPU
		{746C2341-C764-43DB-9D33-9BEB43EAEC7B}.Debug|Any CPU.ActiveCfg = Debug|Any CPU
		{746C2341-C764-43DB-9D33-9BEB43EAEC7B}.Debug|Any CPU.Build.0 = Debug|Any CPU
		{746C2341-C764-43DB-9D33-9BEB43EAEC7B}.Release|Any CPU.ActiveCfg = Release|Any CPU
		{746C2341-C764-43DB-9D33-9BEB43EAEC7B}.Release|Any CPU.Build.0 = Release|Any CPU
		{A70CB1F9-732C-44E9-B69F-785180D7061C}.Debug|Any CPU.ActiveCfg = Debug|Any CPU
		{A70CB1F9-732C-44E9-B69F-785180D7061C}.Debug|Any CPU.Build.0 = Debug|Any CPU
		{A70CB1F9-732C-44E9-B69F-785180D7061C}.Release|Any CPU.ActiveCfg = Release|Any CPU
		{A70CB1F9-732C-44E9-B69F-785180D7061C}.Release|Any CPU.Build.0 = Release|Any CPU
		{6A359DA4-A4F2-4A87-8700-8C01D751D8F8}.Debug|Any CPU.ActiveCfg = Debug|Any CPU
		{6A359DA4-A4F2-4A87-8700-8C01D751D8F8}.Debug|Any CPU.Build.0 = Debug|Any CPU
		{6A359DA4-A4F2-4A87-8700-8C01D751D8F8}.Release|Any CPU.ActiveCfg = Release|Any CPU
		{6A359DA4-A4F2-4A87-8700-8C01D751D8F8}.Release|Any CPU.Build.0 = Release|Any CPU
		{22760B39-159E-4AEB-BB4B-B065C1B982D6}.Debug|Any CPU.ActiveCfg = Debug|Any CPU
		{22760B39-159E-4AEB-BB4B-B065C1B982D6}.Debug|Any CPU.Build.0 = Debug|Any CPU
		{22760B39-159E-4AEB-BB4B-B065C1B982D6}.Release|Any CPU.ActiveCfg = Release|Any CPU
		{22760B39-159E-4AEB-BB4B-B065C1B982D6}.Release|Any CPU.Build.0 = Release|Any CPU
		{EF36AE8B-D77F-4B66-85D4-CF487AB4B5D2}.Debug|Any CPU.ActiveCfg = Debug|Any CPU
		{EF36AE8B-D77F-4B66-85D4-CF487AB4B5D2}.Debug|Any CPU.Build.0 = Debug|Any CPU
		{EF36AE8B-D77F-4B66-85D4-CF487AB4B5D2}.Release|Any CPU.ActiveCfg = Release|Any CPU
		{EF36AE8B-D77F-4B66-85D4-CF487AB4B5D2}.Release|Any CPU.Build.0 = Release|Any CPU
		{C1B51A4A-14D4-46B8-85E4-197C1C35C059}.Debug|Any CPU.ActiveCfg = Debug|Any CPU
		{C1B51A4A-14D4-46B8-85E4-197C1C35C059}.Debug|Any CPU.Build.0 = Debug|Any CPU
		{C1B51A4A-14D4-46B8-85E4-197C1C35C059}.Release|Any CPU.ActiveCfg = Release|Any CPU
		{C1B51A4A-14D4-46B8-85E4-197C1C35C059}.Release|Any CPU.Build.0 = Release|Any CPU
		{73DD9995-042E-4253-ACBF-505392037083}.Debug|Any CPU.ActiveCfg = Debug|Any CPU
		{73DD9995-042E-4253-ACBF-505392037083}.Debug|Any CPU.Build.0 = Debug|Any CPU
		{73DD9995-042E-4253-ACBF-505392037083}.Release|Any CPU.ActiveCfg = Release|Any CPU
		{73DD9995-042E-4253-ACBF-505392037083}.Release|Any CPU.Build.0 = Release|Any CPU
		{D91FD884-9CF2-4656-A8EA-ADF4898159D0}.Debug|Any CPU.ActiveCfg = Debug|Any CPU
		{D91FD884-9CF2-4656-A8EA-ADF4898159D0}.Debug|Any CPU.Build.0 = Debug|Any CPU
		{D91FD884-9CF2-4656-A8EA-ADF4898159D0}.Release|Any CPU.ActiveCfg = Release|Any CPU
		{D91FD884-9CF2-4656-A8EA-ADF4898159D0}.Release|Any CPU.Build.0 = Release|Any CPU
		{B5EF8BBC-7B64-4F60-9BE2-EDAA4A5A3A94}.Debug|Any CPU.ActiveCfg = Debug|Any CPU
		{B5EF8BBC-7B64-4F60-9BE2-EDAA4A5A3A94}.Debug|Any CPU.Build.0 = Debug|Any CPU
		{B5EF8BBC-7B64-4F60-9BE2-EDAA4A5A3A94}.Release|Any CPU.ActiveCfg = Release|Any CPU
		{B5EF8BBC-7B64-4F60-9BE2-EDAA4A5A3A94}.Release|Any CPU.Build.0 = Release|Any CPU
		{C4300E16-432E-4F07-8B37-234EACFDB9E5}.Debug|Any CPU.ActiveCfg = Debug|Any CPU
		{C4300E16-432E-4F07-8B37-234EACFDB9E5}.Debug|Any CPU.Build.0 = Debug|Any CPU
		{C4300E16-432E-4F07-8B37-234EACFDB9E5}.Release|Any CPU.ActiveCfg = Release|Any CPU
		{C4300E16-432E-4F07-8B37-234EACFDB9E5}.Release|Any CPU.Build.0 = Release|Any CPU
		{A245C010-DA28-4508-94D8-DBEBD2059B07}.Debug|Any CPU.ActiveCfg = Debug|Any CPU
		{A245C010-DA28-4508-94D8-DBEBD2059B07}.Debug|Any CPU.Build.0 = Debug|Any CPU
		{A245C010-DA28-4508-94D8-DBEBD2059B07}.Release|Any CPU.ActiveCfg = Release|Any CPU
		{A245C010-DA28-4508-94D8-DBEBD2059B07}.Release|Any CPU.Build.0 = Release|Any CPU
		{81F8E900-C098-40D2-A2C5-D0B14464CF96}.Debug|Any CPU.ActiveCfg = Debug|Any CPU
		{81F8E900-C098-40D2-A2C5-D0B14464CF96}.Debug|Any CPU.Build.0 = Debug|Any CPU
		{81F8E900-C098-40D2-A2C5-D0B14464CF96}.Release|Any CPU.ActiveCfg = Release|Any CPU
		{81F8E900-C098-40D2-A2C5-D0B14464CF96}.Release|Any CPU.Build.0 = Release|Any CPU
	EndGlobalSection
	GlobalSection(SolutionProperties) = preSolution
		HideSolutionNode = FALSE
	EndGlobalSection
	GlobalSection(ExtensibilityGlobals) = postSolution
		SolutionGuid = {85DA2F0F-B647-4A19-B571-5041105ADCBF}
	EndGlobalSection
EndGlobal
